
Microsoft Visual Studio Solution File, Format Version 12.00
# Visual Studio 15
VisualStudioVersion = 15.0.27004.2005
MinimumVisualStudioVersion = 10.0.40219.1
Project("{FAE04EC0-301F-11D3-BF4B-00C04F79EFBC}") = "Garage", "Garage\Garage.csproj", "{F20AF781-E6A1-40AA-AB11-8519E4127F87}"
EndProject
Global
	GlobalSection(SolutionConfigurationPlatforms) = preSolution
		Debug|Any CPU = Debug|Any CPU
		Release|Any CPU = Release|Any CPU
	EndGlobalSection
	GlobalSection(ProjectConfigurationPlatforms) = postSolution
		{F20AF781-E6A1-40AA-AB11-8519E4127F87}.Debug|Any CPU.ActiveCfg = Debug|Any CPU
		{F20AF781-E6A1-40AA-AB11-8519E4127F87}.Debug|Any CPU.Build.0 = Debug|Any CPU
		{F20AF781-E6A1-40AA-AB11-8519E4127F87}.Release|Any CPU.ActiveCfg = Release|Any CPU
		{F20AF781-E6A1-40AA-AB11-8519E4127F87}.Release|Any CPU.Build.0 = Release|Any CPU
	EndGlobalSection
	GlobalSection(SolutionProperties) = preSolution
		HideSolutionNode = FALSE
	EndGlobalSection
	GlobalSection(ExtensibilityGlobals) = postSolution
		SolutionGuid = {F2EB1541-8E7D-486C-A505-517191B45D8A}
	EndGlobalSection
EndGlobal
